dependencies:
- name: postgresql
  repository: https://charts.bitnami.com/bitnami
  version: 16.6.6
- name: trino
  repository: https://trinodb.github.io/charts
  version: 1.38.0
digest: sha256:1fe608f614dc6417c7ce25ab491b15fc489a48ef26badf8c2f6596aee0365c5f
generated: "2025-05-01T21:48:36.764774066+02:00"
